# This file is generated by running "yarn install" inside your project.
# Manual changes might be lost - proceed with caution!

__metadata:
  version: 6
  cacheKey: 8

"@finos/legend-shared@npm:6.0.3":
  version: 6.0.3
  resolution: "@finos/legend-shared@npm:6.0.3"
  dependencies:
    "@types/lodash-es": 4.17.6
    "@types/lossless-json": 1.0.1
    "@types/object-hash": 2.2.1
    "@types/pako": 2.0.0
    "@types/seedrandom": 3.0.2
    "@types/uuid": 8.3.4
    hash.js: 1.1.7
    http-status-codes: 2.2.0
    lodash-es: 4.17.21
    lossless-json: 1.0.5
    mobx: 6.6.1
    object-hash: 3.0.0
    pako: 2.0.4
    pretty-format: 29.0.1
    query-string: 7.1.1
    seedrandom: 3.0.5
    serializr: 2.0.5
    uuid: 8.3.2
  checksum: 30fdb4a45984231bee4a1af17bbc0bacac2fdccb641fe4924ba2ce9d749803bb75a1bd96d3dbc9d18694786add760373bbfd8d1d29d089f6542d33a09c2ae33a
  languageName: node
  linkType: hard

"@jest/schemas@npm:^29.0.0":
  version: 29.0.0
  resolution: "@jest/schemas@npm:29.0.0"
  dependencies:
    "@sinclair/typebox": ^0.24.1
  checksum: 41355c78f09eb1097e57a3c5d0ca11c9099e235e01ea5fa4e3953562a79a6a9296c1d300f1ba50ca75236048829e056b00685cd2f1ff8285e56fd2ce01249acb
  languageName: node
  linkType: hard

"@sinclair/typebox@npm:^0.24.1":
  version: 0.24.32
  resolution: "@sinclair/typebox@npm:0.24.32"
  checksum: c6aaa363a77e220442c451dff8bf67254183b807dcd779f0b23450080c390a0fa4e9ee5475fff6f96580829f6f20f5a35ae89e40c28f85c34501b55e5b44c635
  languageName: node
  linkType: hard

"@types/lodash-es@npm:4.17.6":
  version: 4.17.6
  resolution: "@types/lodash-es@npm:4.17.6"
  dependencies:
    "@types/lodash": "*"
  checksum: 9bd239dd525086e278821949ce12fbdd4f100a060fed9323fc7ad5661113e1641f28a7ebab617230ed3474680d8f4de705c1928b48252bb684be6ec9eed715db
  languageName: node
  linkType: hard

"@types/lodash@npm:*":
  version: 4.14.184
  resolution: "@types/lodash@npm:4.14.184"
  checksum: 6d9a4d67f7f9d0ec3fd21174f3dd3d00629dc1227eb469450eace53adbc1f7e2330699c28d0fe093e5f0fef0f0e763098be1f779268857213224af082b62be21
  languageName: node
  linkType: hard

"@types/lossless-json@npm:1.0.1":
  version: 1.0.1
  resolution: "@types/lossless-json@npm:1.0.1"
  checksum: c256b17b9ac339d4bb4724f0bc3df2199af7c89457b6a68b282d19ce76f2e0433df2559198c1a4026174251d4932602f2c994224d20ee959dcb200a9a07a9dd5
  languageName: node
  linkType: hard

"@types/object-hash@npm:2.2.1":
  version: 2.2.1
  resolution: "@types/object-hash@npm:2.2.1"
  checksum: bbcbf076903e11fa6d61dd5cc365bce2b080b18502ef52672a427443262e465d7b46b8f2821e8cea0307de66aee2eb92ad6e2bed2346acd7c8de118d4123fe3a
  languageName: node
  linkType: hard

"@types/pako@npm:2.0.0":
  version: 2.0.0
  resolution: "@types/pako@npm:2.0.0"
  checksum: 50240a036b5e6acabbf36ac4dca93ec9e619241f0404da8d401cdb427bec3029833324b8a04c4b1ae2ecbc33422fdec31dbf9f43653d9d07cafb82ace78dfccd
  languageName: node
  linkType: hard

"@types/seedrandom@npm:3.0.2":
  version: 3.0.2
  resolution: "@types/seedrandom@npm:3.0.2"
  checksum: 02e585601cb9764cb0eb3f92b384512f8e171422acea3d5a801a41a8a06d475b60ae520eba469bcedf0ed8ad650415919cf30a9cd6bc57090613e61bedc071ed
  languageName: node
  linkType: hard

"@types/uuid@npm:8.3.4":
  version: 8.3.4
  resolution: "@types/uuid@npm:8.3.4"
  checksum: 6f11f3ff70f30210edaa8071422d405e9c1d4e53abbe50fdce365150d3c698fe7bbff65c1e71ae080cbfb8fded860dbb5e174da96fdbbdfcaa3fb3daa474d20f
  languageName: node
  linkType: hard

"ansi-styles@npm:^5.0.0":
  version: 5.2.0
  resolution: "ansi-styles@npm:5.2.0"
  checksum: d7f4e97ce0623aea6bc0d90dcd28881ee04cba06c570b97fd3391bd7a268eedfd9d5e2dd4fdcbdd82b8105df5faf6f24aaedc08eaf3da898e702db5948f63469
  languageName: node
  linkType: hard

"decode-uri-component@npm:^0.2.0":
  version: 0.2.0
  resolution: "decode-uri-component@npm:0.2.0"
  checksum: f3749344ab9305ffcfe4bfe300e2dbb61fc6359e2b736812100a3b1b6db0a5668cba31a05e4b45d4d63dbf1a18dfa354cd3ca5bb3ededddabb8cd293f4404f94
  languageName: node
  linkType: hard

"filter-obj@npm:^1.1.0":
  version: 1.1.0
  resolution: "filter-obj@npm:1.1.0"
  checksum: cf2104a7c45ff48e7f505b78a3991c8f7f30f28bd8106ef582721f321f1c6277f7751aacd5d83026cb079d9d5091082f588d14a72e7c5d720ece79118fa61e10
  languageName: node
  linkType: hard

"hash.js@npm:1.1.7":
  version: 1.1.7
  resolution: "hash.js@npm:1.1.7"
  dependencies:
    inherits: ^2.0.3
    minimalistic-assert: ^1.0.1
  checksum: e350096e659c62422b85fa508e4b3669017311aa4c49b74f19f8e1bc7f3a54a584fdfd45326d4964d6011f2b2d882e38bea775a96046f2a61b7779a979629d8f
  languageName: node
  linkType: hard

"http-status-codes@npm:2.2.0":
  version: 2.2.0
  resolution: "http-status-codes@npm:2.2.0"
  checksum: 31e1d730856210445da0907d9b484629e69e4fe92ac032478a7aa4d89e5b215e2b4e75d7ebce40d0537b6850bd281b2f65c7cc36cc2677e5de056d6cea1045ce
  languageName: node
  linkType: hard

"inherits@npm:^2.0.3":
  version: 2.0.4
  resolution: "inherits@npm:2.0.4"
  checksum: 4a48a733847879d6cf6691860a6b1e3f0f4754176e4d71494c41f3475553768b10f84b5ce1d40fbd0e34e6bfbb864ee35858ad4dd2cf31e02fc4a154b724d7f1
  languageName: node
  linkType: hard

"issue-repo@workspace:.":
  version: 0.0.0-use.local
  resolution: "issue-repo@workspace:."
  dependencies:
    "@finos/legend-shared": 6.0.3
    serializr: 2.0.5
    typescript: 4.8.2
  languageName: unknown
  linkType: soft

"lodash-es@npm:4.17.21":
  version: 4.17.21
  resolution: "lodash-es@npm:4.17.21"
  checksum: 05cbffad6e2adbb331a4e16fbd826e7faee403a1a04873b82b42c0f22090f280839f85b95393f487c1303c8a3d2a010048bf06151a6cbe03eee4d388fb0a12d2
  languageName: node
  linkType: hard

"lossless-json@npm:1.0.5":
  version: 1.0.5
  resolution: "lossless-json@npm:1.0.5"
  checksum: c26a231aaaa334dda42ef74ccf01a8558d15de815fd72fd3e47c549da11e3f47ae8f57c5ea26a298473844f889d1645a8b7835d507db430887dd598e9b0a6648
  languageName: node
  linkType: hard

"minimalistic-assert@npm:^1.0.1":
  version: 1.0.1
  resolution: "minimalistic-assert@npm:1.0.1"
  checksum: cc7974a9268fbf130fb055aff76700d7e2d8be5f761fb5c60318d0ed010d839ab3661a533ad29a5d37653133385204c503bfac995aaa4236f4e847461ea32ba7
  languageName: node
  linkType: hard

"mobx@npm:6.6.1":
  version: 6.6.1
  resolution: "mobx@npm:6.6.1"
  checksum: 20e876693d1a99916d347ba666f47e7931d5aa5a1172eae48d172477d537577d604207a8f8918041f9b6c74280b6533a516cf1639929735c6bb514f34776225a
  languageName: node
  linkType: hard

"object-hash@npm:3.0.0":
  version: 3.0.0
  resolution: "object-hash@npm:3.0.0"
  checksum: 80b4904bb3857c52cc1bfd0b52c0352532ca12ed3b8a6ff06a90cd209dfda1b95cee059a7625eb9da29537027f68ac4619363491eedb2f5d3dddbba97494fd6c
  languageName: node
  linkType: hard

"pako@npm:2.0.4":
  version: 2.0.4
  resolution: "pako@npm:2.0.4"
  checksum: 82b9b0b99dd830c9103856a6dbd10f0cb2c8c32b9768184727ea381a99666de9a47a069d2e6efe6acf09336f363956b50835c196ef9311b34b7274d420eb0d88
  languageName: node
  linkType: hard

"pretty-format@npm:29.0.1":
  version: 29.0.1
  resolution: "pretty-format@npm:29.0.1"
  dependencies:
    "@jest/schemas": ^29.0.0
    ansi-styles: ^5.0.0
    react-is: ^18.0.0
  checksum: d31e72769b0bc0453123c52259dba28551cfc3f02b4968fa286c14dcaed08c1e68e45d5383d425f1ac5ab829c908ebe18f9aee4e4df507be5fc82ab51b1e8995
  languageName: node
  linkType: hard

"query-string@npm:7.1.1":
  version: 7.1.1
  resolution: "query-string@npm:7.1.1"
  dependencies:
    decode-uri-component: ^0.2.0
    filter-obj: ^1.1.0
    split-on-first: ^1.0.0
    strict-uri-encode: ^2.0.0
  checksum: b227d1f588ae93f9f0ad078c6b811295fa151dc5a160a03bb2bac5fa0e6919cb1daa570aad1d288e77c8e89fde5362ba505b1014e6e793da9b1e885b59a690a6
  languageName: node
  linkType: hard

"react-is@npm:^18.0.0":
  version: 18.2.0
  resolution: "react-is@npm:18.2.0"
  checksum: e72d0ba81b5922759e4aff17e0252bd29988f9642ed817f56b25a3e217e13eea8a7f2322af99a06edb779da12d5d636e9fda473d620df9a3da0df2a74141d53e
  languageName: node
  linkType: hard

"seedrandom@npm:3.0.5":
  version: 3.0.5
  resolution: "seedrandom@npm:3.0.5"
  checksum: 728b56bc3bc1b9ddeabd381e449b51cb31bdc0aa86e27fcd0190cea8c44613d5bcb2f6bb63ed79f78180cbe791c20b8ec31a9627f7b7fc7f476fd2bdb7e2da9f
  languageName: node
  linkType: hard

"serializr@npm:2.0.5":
  version: 2.0.5
  resolution: "serializr@npm:2.0.5"
  checksum: 74b4a562953452b2061d070834a2a2648e1ee60eb48f16f884c4caa4bb275fba6edc041c6b7bb9b38e4be51c94ab4be05e9f8d4faea3cdf1341acd8ee67d6cd9
  languageName: node
  linkType: hard

"split-on-first@npm:^1.0.0":
  version: 1.1.0
  resolution: "split-on-first@npm:1.1.0"
  checksum: 16ff85b54ddcf17f9147210a4022529b343edbcbea4ce977c8f30e38408b8d6e0f25f92cd35b86a524d4797f455e29ab89eb8db787f3c10708e0b47ebf528d30
  languageName: node
  linkType: hard

"strict-uri-encode@npm:^2.0.0":
  version: 2.0.0
  resolution: "strict-uri-encode@npm:2.0.0"
  checksum: eaac4cf978b6fbd480f1092cab8b233c9b949bcabfc9b598dd79a758f7243c28765ef7639c876fa72940dac687181b35486ea01ff7df3e65ce3848c64822c581
  languageName: node
  linkType: hard

"typescript@npm:4.8.2":
  version: 4.8.2
  resolution: "typescript@npm:4.8.2"
  bin:
    tsc: bin/tsc
    tsserver: bin/tsserver
  checksum: 7f5b81d0d558c9067f952c7af52ab7f19c2e70a916817929e4a5b256c93990bf3178eccb1ac8a850bc75df35f6781b6f4cb3370ce20d8b1ded92ed462348f628
  languageName: node
  linkType: hard

"typescript@patch:typescript@4.8.2#~builtin<compat/typescript>":
  version: 4.8.2
  resolution: "typescript@patch:typescript@npm%3A4.8.2#~builtin<compat/typescript>::version=4.8.2&hash=a1c5e5"
  bin:
    tsc: bin/tsc
    tsserver: bin/tsserver
  checksum: 5cb0f02f414f5405f4b0e7ee1fd7fa9177b6a8783c9017b6cad85f56ce4c4f93e0e6f2ce37e863cb597d44227cd009474c9fbd85bf7a50004e5557426cb58079
  languageName: node
  linkType: hard

"uuid@npm:8.3.2":
  version: 8.3.2
  resolution: "uuid@npm:8.3.2"
  bin:
    uuid: dist/bin/uuid
  checksum: 5575a8a75c13120e2f10e6ddc801b2c7ed7d8f3c8ac22c7ed0c7b2ba6383ec0abda88c905085d630e251719e0777045ae3236f04c812184b7c765f63a70e58df
  languageName: node
  linkType: hard
